{
	"name": "altv",
	"version": "1.0.0",
	"lockfileVersion": 2,
	"requires": true,
	"packages": {
		"": {
			"name": "altv",
			"version": "1.0.0",
			"license": "ISC",
			"devDependencies": {
				"@altv/types-client": "^1.9.0",
				"@altv/types-natives": "^1.4.3",
				"@altv/types-server": "^2.0.7",
				"@altv/types-shared": "^1.0.8",
				"@altv/types-webview": "^1.0.2"
			}
		},
		"node_modules/@altv/types-client": {
			"version": "1.9.0",
			"resolved": "https://registry.npmjs.org/@altv/types-client/-/types-client-1.9.0.tgz",
			"integrity": "sha512-HhY6wshHsdhvwhbeZftJ/TiI/mRgd5cgm7bVHc2We8aGdlxsh0zHuhmFB97WHgUNZ2nL9AeEATgvCt7cOu1QSw==",
			"dev": true,
			"peerDependencies": {
				"@altv/types-shared": "1.0.x"
			}
		},
		"node_modules/@altv/types-natives": {
			"version": "1.4.3",
			"resolved": "https://registry.npmjs.org/@altv/types-natives/-/types-natives-1.4.3.tgz",
			"integrity": "sha512-O/qHgF4QqjzXeLzkx2QbSo+F/aRw+K8GFJaBiGiWFUecEj2MrdrwzuFzmQvGHG8BgQ0RPJ/b6FRJZE8pzDFhVw==",
			"dev": true,
			"peerDependencies": {
				"@altv/types-client": ">=1.7.0"
			}
		},
		"node_modules/@altv/types-server": {
			"version": "2.0.7",
			"resolved": "https://registry.npmjs.org/@altv/types-server/-/types-server-2.0.7.tgz",
			"integrity": "sha512-uYgYxSzZ+xXEZr6wTUUNB+qsVUW69+zV+pey/xGpAy1KlaAEQm780KCIt/inpon4TSJ30ACIU69dH/mW2Z2jJQ==",
			"dev": true,
			"peerDependencies": {
				"@altv/types-shared": "1.0.x"
			}
		},
		"node_modules/@altv/types-shared": {
			"version": "1.0.8",
			"resolved": "https://registry.npmjs.org/@altv/types-shared/-/types-shared-1.0.8.tgz",
			"integrity": "sha512-MPDsyiDRvPimhMaqaqYEFcMLP62yxuoGzx8vW2tWuHg0Y9k+tNuLEo7n6C+6wP6/1bOOyMEBe/8oW/3yr21W2A==",
			"dev": true
		},
		"node_modules/@altv/types-webview": {
			"version": "1.0.2",
			"resolved": "https://registry.npmjs.org/@altv/types-webview/-/types-webview-1.0.2.tgz",
			"integrity": "sha512-3RceTutIDS/XV8YUn/AiSe61BERBb6LfCCQxIcN5bvlh26lPXC0naxtQTcG39pSgj8a5iiVT8LaRNdEZP6JBcA==",
			"dev": true
		}
	},
	"dependencies": {
		"@altv/types-client": {
			"version": "1.9.0",
			"resolved": "https://registry.npmjs.org/@altv/types-client/-/types-client-1.9.0.tgz",
			"integrity": "sha512-HhY6wshHsdhvwhbeZftJ/TiI/mRgd5cgm7bVHc2We8aGdlxsh0zHuhmFB97WHgUNZ2nL9AeEATgvCt7cOu1QSw==",
			"dev": true,
			"requires": {}
		},
		"@altv/types-natives": {
			"version": "1.4.3",
			"resolved": "https://registry.npmjs.org/@altv/types-natives/-/types-natives-1.4.3.tgz",
			"integrity": "sha512-O/qHgF4QqjzXeLzkx2QbSo+F/aRw+K8GFJaBiGiWFUecEj2MrdrwzuFzmQvGHG8BgQ0RPJ/b6FRJZE8pzDFhVw==",
			"dev": true,
			"requires": {}
		},
		"@altv/types-server": {
			"version": "2.0.7",
			"resolved": "https://registry.npmjs.org/@altv/types-server/-/types-server-2.0.7.tgz",
			"integrity": "sha512-uYgYxSzZ+xXEZr6wTUUNB+qsVUW69+zV+pey/xGpAy1KlaAEQm780KCIt/inpon4TSJ30ACIU69dH/mW2Z2jJQ==",
			"dev": true,
			"requires": {}
		},
		"@altv/types-shared": {
			"version": "1.0.8",
			"resolved": "https://registry.npmjs.org/@altv/types-shared/-/types-shared-1.0.8.tgz",
			"integrity": "sha512-MPDsyiDRvPimhMaqaqYEFcMLP62yxuoGzx8vW2tWuHg0Y9k+tNuLEo7n6C+6wP6/1bOOyMEBe/8oW/3yr21W2A==",
			"dev": true
		},
		"@altv/types-webview": {
			"version": "1.0.2",
			"resolved": "https://registry.npmjs.org/@altv/types-webview/-/types-webview-1.0.2.tgz",
			"integrity": "sha512-3RceTutIDS/XV8YUn/AiSe61BERBb6LfCCQxIcN5bvlh26lPXC0naxtQTcG39pSgj8a5iiVT8LaRNdEZP6JBcA==",
			"dev": true
		}
	}
}
